<?xml version="1.0" encoding="utf-8"?>
<Project ToolsVersion="4.0" xmlns="http://schemas.microsoft.com/developer/msbuild/2003">
  <ItemGroup>
    <Filter Include="Header">
      <UniqueIdentifier>{93995380-89BD-4b04-88EB-625FBE52EBFB}</UniqueIdentifier>
      <Extensions>h;hh;hpp;hxx;hm;inl;inc;xsd</Extensions>
    </Filter>
    <Filter Include="Source">
      <UniqueIdentifier>{4FC737F1-C7A5-4376-A066-2A32D752A2FF}</UniqueIdentifier>
      <Extensions>cpp;c;cc;cxx;def;odl;idl;hpj;bat;asm;asmx</Extensions>
    </Filter>
    <Filter Include="Header\ida">
      <UniqueIdentifier>{8f73fb02-2577-4458-a46b-cd7c74b1ca7f}</UniqueIdentifier>
    </Filter>
    <Filter Include="Header\network">
      <UniqueIdentifier>{87799750-8315-48e5-8d9b-31e8a45547ee}</UniqueIdentifier>
    </Filter>
    <Filter Include="Source\network">
      <UniqueIdentifier>{f77be3ed-0c1a-4575-8639-0672e8cf23db}</UniqueIdentifier>
    </Filter>
    <Filter Include="Header\network\packets">
      <UniqueIdentifier>{4ec212a8-05b0-42fa-8fa2-3196d62ef5a0}</UniqueIdentifier>
    </Filter>
    <Filter Include="Header\client">
      <UniqueIdentifier>{1d07230d-9d21-438c-ad28-d2fa9134ee34}</UniqueIdentifier>
    </Filter>
    <Filter Include="Source\client">
      <UniqueIdentifier>{f3a8e9e8-a625-45e6-aebc-16fd1c144761}</UniqueIdentifier>
    </Filter>
    <Filter Include="Header\sync">
      <UniqueIdentifier>{5fdec757-2a37-4356-a9f2-0bb3b153ae9f}</UniqueIdentifier>
    </Filter>
    <Filter Include="Source\sync">
      <UniqueIdentifier>{ad6a73d5-1c79-447e-aafb-30f0d3b39f30}</UniqueIdentifier>
    </Filter>
    <Filter Include="Header\sync\handler">
      <UniqueIdentifier>{9bc1a5ce-a5a1-4778-b467-b193a83ca09d}</UniqueIdentifier>
    </Filter>
    <Filter Include="Source\sync\handler">
      <UniqueIdentifier>{afc0b9f5-f87c-4c78-984b-70b4dba35636}</UniqueIdentifier>
    </Filter>
  </ItemGroup>
  <ItemGroup>
    <ClCompile Include="src\Main.cpp">
      <Filter>Source</Filter>
    </ClCompile>
    <ClCompile Include="src\SyncPlugin.cpp">
      <Filter>Source</Filter>
    </ClCompile>
    <ClCompile Include="src\network\Socket.cpp">
      <Filter>Source\network</Filter>
    </ClCompile>
    <ClCompile Include="src\network\Networking.cpp">
      <Filter>Source\network</Filter>
    </ClCompile>
    <ClCompile Include="src\network\NetworkClient.cpp">
      <Filter>Source\network</Filter>
    </ClCompile>
    <ClCompile Include="src\network\SocketEventDispatcher.cpp">
      <Filter>Source\network</Filter>
    </ClCompile>
    <ClCompile Include="src\client\NetworkDispatcher.cpp">
      <Filter>Source\client</Filter>
    </ClCompile>
    <ClCompile Include="src\SyncPacketHandler.cpp">
      <Filter>Source</Filter>
    </ClCompile>
    <ClCompile Include="src\ida\IdbManager.cpp">
      <Filter>Source</Filter>
    </ClCompile>
    <ClCompile Include="src\network\NetworkBuffer.cpp">
      <Filter>Source\network</Filter>
    </ClCompile>
    <ClCompile Include="src\sync\SyncManager.cpp">
      <Filter>Source\sync</Filter>
    </ClCompile>
    <ClCompile Include="src\sync\handler\NameSyncHandler.cpp">
      <Filter>Source\sync\handler</Filter>
    </ClCompile>
    <ClCompile Include="src\sync\handler\ItemTypeSyncHandler.cpp">
      <Filter>Source\sync\handler</Filter>
    </ClCompile>
    <ClCompile Include="src\sync\handler\AddFuncSyncHandler.cpp">
      <Filter>Source\sync\handler</Filter>
    </ClCompile>
    <ClCompile Include="src\sync\handler\ItemCommentSyncHandler.cpp">
      <Filter>Source\sync\handler</Filter>
    </ClCompile>
    <ClCompile Include="src\sync\handler\UndefineSyncHandler.cpp">
      <Filter>Source\sync\handler</Filter>
    </ClCompile>
    <ClCompile Include="src\sync\handler\OperandTypeSyncHandler.cpp">
      <Filter>Source\sync\handler</Filter>
    </ClCompile>
    <ClCompile Include="src\sync\handler\MakeCodeSyncHandler.cpp">
      <Filter>Source\sync\handler</Filter>
    </ClCompile>
    <ClCompile Include="src\sync\handler\AddReferenceSyncHandler.cpp">
      <Filter>Source\sync\handler</Filter>
    </ClCompile>
    <ClCompile Include="src\sync\handler\DeleteReferenceSyncHandler.cpp">
      <Filter>Source\sync\handler</Filter>
    </ClCompile>
  </ItemGroup>
  <ItemGroup>
    <ClInclude Include="include\SyncPlugin.h">
      <Filter>Header</Filter>
    </ClInclude>
    <ClInclude Include="include\Utility.h">
      <Filter>Header</Filter>
    </ClInclude>
    <ClInclude Include="include\ida\idb_events_strings.h">
      <Filter>Header\ida</Filter>
    </ClInclude>
    <ClInclude Include="include\ida\idp_events_strings.h">
      <Filter>Header\ida</Filter>
    </ClInclude>
    <ClInclude Include="include\network\NetworkClient.h">
      <Filter>Header\network</Filter>
    </ClInclude>
    <ClInclude Include="include\network\SocketEvent.h">
      <Filter>Header\network</Filter>
    </ClInclude>
    <ClInclude Include="include\network\SocketEventDispatcher.h">
      <Filter>Header\network</Filter>
    </ClInclude>
    <ClInclude Include="include\network\Socket.h">
      <Filter>Header\network</Filter>
    </ClInclude>
    <ClInclude Include="include\network\Networking.h">
      <Filter>Header\network</Filter>
    </ClInclude>
    <ClInclude Include="include\network\packets\BasePacket.h">
      <Filter>Header\network\packets</Filter>
    </ClInclude>
    <ClInclude Include="include\client\NetworkDispatcher.h">
      <Filter>Header\client</Filter>
    </ClInclude>
    <ClInclude Include="include\network\packets\BroadcastMessagePacket.h">
      <Filter>Header\network\packets</Filter>
    </ClInclude>
    <ClInclude Include="include\ida\IdbManager.h">
      <Filter>Header\ida</Filter>
    </ClInclude>
    <ClInclude Include="include\network\NetworkBuffer.h">
      <Filter>Header\network</Filter>
    </ClInclude>
    <ClInclude Include="include\sync\SyncManager.h">
      <Filter>Header\sync</Filter>
    </ClInclude>
    <ClInclude Include="include\sync\ISyncHandler.h">
      <Filter>Header\sync</Filter>
    </ClInclude>
    <ClInclude Include="include\ida\IdaNotification.h">
      <Filter>Header\ida</Filter>
    </ClInclude>
    <ClInclude Include="include\sync\handler\NameSyncHandler.h">
      <Filter>Header\sync\handler</Filter>
    </ClInclude>
    <ClInclude Include="include\sync\handler\ItemCommentSyncHandler.h">
      <Filter>Header\sync\handler</Filter>
    </ClInclude>
    <ClInclude Include="include\sync\handler\ItemTypeSyncHandler.h">
      <Filter>Header\sync\handler</Filter>
    </ClInclude>
    <ClInclude Include="include\sync\handler\AddFuncSyncHandler.h">
      <Filter>Header\sync\handler</Filter>
    </ClInclude>
    <ClInclude Include="include\sync\IdbUpdateData.h">
      <Filter>Header\sync</Filter>
    </ClInclude>
    <ClInclude Include="include\sync\SyncHandlerImpl.h">
      <Filter>Header\sync</Filter>
    </ClInclude>
    <ClInclude Include="include\sync\handler\UndefineSyncHandler.h">
      <Filter>Header\sync\handler</Filter>
    </ClInclude>
    <ClInclude Include="include\sync\handler\OperandTypeSyncHandler.h">
      <Filter>Header\sync\handler</Filter>
    </ClInclude>
    <ClInclude Include="include\sync\handler\MakeCodeSyncHandler.h">
      <Filter>Header\sync\handler</Filter>
    </ClInclude>
    <ClInclude Include="include\sync\handler\AddReferenceSyncHandler.h">
      <Filter>Header\sync\handler</Filter>
    </ClInclude>
    <ClInclude Include="include\sync\handler\DeleteReferenceSyncHandler.h">
      <Filter>Header\sync\handler</Filter>
    </ClInclude>
  </ItemGroup>
</Project>