<?xml version="1.0" encoding="utf-8"?>
<Project ToolsVersion="4.0" xmlns="http://schemas.microsoft.com/developer/msbuild/2003">
  <ItemGroup>
    <Filter Include="Header">
      <UniqueIdentifier>{93995380-89BD-4b04-88EB-625FBE52EBFB}</UniqueIdentifier>
      <Extensions>h;hh;hpp;hxx;hm;inl;inc;xsd</Extensions>
    </Filter>
    <Filter Include="Source">
      <UniqueIdentifier>{4FC737F1-C7A5-4376-A066-2A32D752A2FF}</UniqueIdentifier>
      <Extensions>cpp;c;cc;cxx;def;odl;idl;hpj;bat;asm;asmx</Extensions>
    </Filter>
    <Filter Include="Header\ida">
      <UniqueIdentifier>{8f73fb02-2577-4458-a46b-cd7c74b1ca7f}</UniqueIdentifier>
    </Filter>
    <Filter Include="Header\network">
      <UniqueIdentifier>{87799750-8315-48e5-8d9b-31e8a45547ee}</UniqueIdentifier>
    </Filter>
    <Filter Include="Source\network">
      <UniqueIdentifier>{f77be3ed-0c1a-4575-8639-0672e8cf23db}</UniqueIdentifier>
    </Filter>
    <Filter Include="Header\network\packets">
      <UniqueIdentifier>{4ec212a8-05b0-42fa-8fa2-3196d62ef5a0}</UniqueIdentifier>
    </Filter>
  </ItemGroup>
  <ItemGroup>
    <ClCompile Include="src\Main.cpp">
      <Filter>Source</Filter>
    </ClCompile>
    <ClCompile Include="src\SyncPlugin.cpp">
      <Filter>Source</Filter>
    </ClCompile>
    <ClCompile Include="src\IDBHook.cpp">
      <Filter>Source</Filter>
    </ClCompile>
    <ClCompile Include="src\SocketEventDispatcher.cpp">
      <Filter>Source\network</Filter>
    </ClCompile>
    <ClCompile Include="src\network\Socket.cpp">
      <Filter>Source\network</Filter>
    </ClCompile>
    <ClCompile Include="src\network\Networking.cpp">
      <Filter>Source\network</Filter>
    </ClCompile>
    <ClCompile Include="src\NetworkClient.cpp">
      <Filter>Source\network</Filter>
    </ClCompile>
  </ItemGroup>
  <ItemGroup>
    <ClInclude Include="include\SyncPlugin.h">
      <Filter>Header</Filter>
    </ClInclude>
    <ClInclude Include="include\Utility.h">
      <Filter>Header</Filter>
    </ClInclude>
    <ClInclude Include="include\ida\idb_events_strings.h">
      <Filter>Header\ida</Filter>
    </ClInclude>
    <ClInclude Include="include\ida\idp_events_strings.h">
      <Filter>Header\ida</Filter>
    </ClInclude>
    <ClInclude Include="include\network\NetworkClient.h">
      <Filter>Header\network</Filter>
    </ClInclude>
    <ClInclude Include="include\network\SocketEvent.h">
      <Filter>Header\network</Filter>
    </ClInclude>
    <ClInclude Include="include\network\SocketEventDispatcher.h">
      <Filter>Header\network</Filter>
    </ClInclude>
    <ClInclude Include="include\network\Socket.h">
      <Filter>Header\network</Filter>
    </ClInclude>
    <ClInclude Include="include\network\Networking.h">
      <Filter>Header\network</Filter>
    </ClInclude>
    <ClInclude Include="include\IDANetworkHandler.h">
      <Filter>Header</Filter>
    </ClInclude>
    <ClInclude Include="include\network\packets\BasePacket.h">
      <Filter>Header\network\packets</Filter>
    </ClInclude>
    <ClInclude Include="include\network\packets\HandshakePacket.h">
      <Filter>Header\network\packets</Filter>
    </ClInclude>
    <ClInclude Include="include\network\packets\HeartbeatPacket.h">
      <Filter>Header\network\packets</Filter>
    </ClInclude>
  </ItemGroup>
</Project>