
Microsoft Visual Studio Solution File, Format Version 12.00
# Visual Studio 15
VisualStudioVersion = 15.0.27130.2010
MinimumVisualStudioVersion = 10.0.40219.1
Project("{8BC9CEB8-8B4A-11D0-8D11-00A0C91BC942}") = "sync-plugin", "sync-plugin.vcxproj", "{399EA364-0A63-41F5-B2C2-932F64BEFEAE}"
EndProject
Global
	GlobalSection(SolutionConfigurationPlatforms) = preSolution
		Debug (idaq32)|x64 = Debug (idaq32)|x64
		Debug (idaq64)|x64 = Debug (idaq64)|x64
		Release (idaq32)|x64 = Release (idaq32)|x64
		Release (idaq64)|x64 = Release (idaq64)|x64
	EndGlobalSection
	GlobalSection(ProjectConfigurationPlatforms) = postSolution
		{399EA364-0A63-41F5-B2C2-932F64BEFEAE}.Debug (idaq32)|x64.ActiveCfg = Debug (idaq32)|x64
		{399EA364-0A63-41F5-B2C2-932F64BEFEAE}.Debug (idaq32)|x64.Build.0 = Debug (idaq32)|x64
		{399EA364-0A63-41F5-B2C2-932F64BEFEAE}.Debug (idaq64)|x64.ActiveCfg = Debug (idaq64)|x64
		{399EA364-0A63-41F5-B2C2-932F64BEFEAE}.Debug (idaq64)|x64.Build.0 = Debug (idaq64)|x64
		{399EA364-0A63-41F5-B2C2-932F64BEFEAE}.Release (idaq32)|x64.ActiveCfg = Release (idaq32)|x64
		{399EA364-0A63-41F5-B2C2-932F64BEFEAE}.Release (idaq32)|x64.Build.0 = Release (idaq32)|x64
		{399EA364-0A63-41F5-B2C2-932F64BEFEAE}.Release (idaq64)|x64.ActiveCfg = Release (idaq64)|x64
		{399EA364-0A63-41F5-B2C2-932F64BEFEAE}.Release (idaq64)|x64.Build.0 = Release (idaq64)|x64
	EndGlobalSection
	GlobalSection(SolutionProperties) = preSolution
		HideSolutionNode = FALSE
	EndGlobalSection
	GlobalSection(ExtensibilityGlobals) = postSolution
		SolutionGuid = {7BA76021-BD4A-43FC-B801-4D77EA33800D}
	EndGlobalSection
EndGlobal
