
Microsoft Visual Studio Solution File, Format Version 11.00
# Visual Studio 2010
Project("{8BC9CEB8-8B4A-11D0-8D11-00A0C91BC942}") = "ui_requests", "ui_requests.vcxproj", "{F43D6BB8-B7D6-486A-82E5-BABBA9848525}"
EndProject
Global
	GlobalSection(SolutionConfigurationPlatforms) = preSolution
		Debug|Win32 = Debug|Win32
		Release|Win32 = Release|Win32
	EndGlobalSection
	GlobalSection(ProjectConfigurationPlatforms) = postSolution
		{F43D6BB8-B7D6-486A-82E5-BABBA9848525}.Debug|Win32.ActiveCfg = Debug|Win32
		{F43D6BB8-B7D6-486A-82E5-BABBA9848525}.Debug|Win32.Build.0 = Debug|Win32
		{F43D6BB8-B7D6-486A-82E5-BABBA9848525}.Release|Win32.ActiveCfg = Release|Win32
		{F43D6BB8-B7D6-486A-82E5-BABBA9848525}.Release|Win32.Build.0 = Release|Win32
	EndGlobalSection
	GlobalSection(SolutionProperties) = preSolution
		HideSolutionNode = FALSE
	EndGlobalSection
EndGlobal
